
Microsoft Visual Studio Solution File, Format Version 12.00
# Visual Studio Version 16
VisualStudioVersion = 16.0.30225.117
MinimumVisualStudioVersion = 10.0.40219.1
Project("{FAE04EC0-301F-11D3-BF4B-00C04F79EFBC}") = "TestSFTP", "TestSFTP\TestSFTP.csproj", "{2A2A67BB-85B3-4150-9177-8DF36B0AB647}"
EndProject
Global
	GlobalSection(SolutionConfigurationPlatforms) = preSolution
		Debug|Any CPU = Debug|Any CPU
		Release|Any CPU = Release|Any CPU
	EndGlobalSection
	GlobalSection(ProjectConfigurationPlatforms) = postSolution
		{2A2A67BB-85B3-4150-9177-8DF36B0AB647}.Debug|Any CPU.ActiveCfg = Debug|Any CPU
		{2A2A67BB-85B3-4150-9177-8DF36B0AB647}.Debug|Any CPU.Build.0 = Debug|Any CPU
		{2A2A67BB-85B3-4150-9177-8DF36B0AB647}.Release|Any CPU.ActiveCfg = Release|Any CPU
		{2A2A67BB-85B3-4150-9177-8DF36B0AB647}.Release|Any CPU.Build.0 = Release|Any CPU
	EndGlobalSection
	GlobalSection(SolutionProperties) = preSolution
		HideSolutionNode = FALSE
	EndGlobalSection
	GlobalSection(ExtensibilityGlobals) = postSolution
		SolutionGuid = {3B00A82E-9C3A-4AE4-863D-20810D0BD80E}
	EndGlobalSection
EndGlobal
